// !$*UTF8*$!
{
	archiveVersion = 1;
	classes = {
	};
	objectVersion = 50;
	objects = {

/* Begin PBXBuildFile section */
		CCDC8FB02119677E00691EA0 /* AppDelegate.m in Sources */ = {isa = PBXBuildFile; fileRef = CCDC8FAF2119677E00691EA0 /* AppDelegate.m */; };
		CCDC8FB32119677E00691EA0 /* ViewController.m in Sources */ = {isa = PBXBuildFile; fileRef = CCDC8FB22119677E00691EA0 /* ViewController.m */; };
		CCDC8FB62119677E00691EA0 /* Main.storyboard in Resources */ = {isa = PBXBuildFile; fileRef = CCDC8FB42119677E00691EA0 /* Main.storyboard */; };
		CCDC8FB82119678000691EA0 /* Assets.xcassets in Resources */ = {isa = PBXBuildFile; fileRef = CCDC8FB72119678000691EA0 /* Assets.xcassets */; };
		CCDC8FBB2119678000691EA0 /* LaunchScreen.storyboard in Resources */ = {isa = PBXBuildFile; fileRef = CCDC8FB92119678000691EA0 /* LaunchScreen.storyboard */; };
		CCDC8FBE2119678000691EA0 /* main.m in Sources */ = {isa = PBXBuildFile; fileRef = CCDC8FBD2119678000691EA0 /* main.m */; };
/* End PBXBuildFile section */

/* Begin PBXFileReference section */
		CCDC8FAB2119677E00691EA0 /* PeachJapanese.app */ = {isa = PBXFileReference; explicitFileType = wrapper.application; includeInIndex = 0; path = PeachJapanese.app; sourceTree = BUILT_PRODUCTS_DIR; };
		CCDC8FAE2119677E00691EA0 /* AppDelegate.h */ = {isa = PBXFileReference; lastKnownFileType = sourcecode.c.h; path = AppDelegate.h; sourceTree = "<group>"; };
		CCDC8FAF2119677E00691EA0 /* AppDelegate.m */ = {isa = PBXFileReference; lastKnownFileType = sourcecode.c.objc; path = AppDelegate.m; sourceTree = "<group>"; };
		CCDC8FB12119677E00691EA0 /* ViewController.h */ = {isa = PBXFileReference; lastKnownFileType = sourcecode.c.h; path = ViewController.h; sourceTree = "<group>"; };
		CCDC8FB22119677E00691EA0 /* ViewController.m */ = {isa = PBXFileReference; lastKnownFileType = sourcecode.c.objc; path = ViewController.m; sourceTree = "<group>"; };
		CCDC8FB52119677E00691EA0 /* Base */ = {isa = PBXFileReference; lastKnownFileType = file.storyboard; name = Base; path = Base.lproj/Main.storyboard; sourceTree = "<group>"; };
		CCDC8FB72119678000691EA0 /* Assets.xcassets */ = {isa = PBXFileReference; lastKnownFileType = folder.assetcatalog; path = Assets.xcassets; sourceTree = "<group>"; };
		CCDC8FBA2119678000691EA0 /* Base */ = {isa = PBXFileReference; lastKnownFileType = file.storyboard; name = Base; path = Base.lproj/LaunchScreen.storyboard; sourceTree = "<group>"; };
		CCDC8FBC2119678000691EA0 /* Info.plist */ = {isa = PBXFileReference; lastKnownFileType = text.plist.xml; path = Info.plist; sourceTree = "<group>"; };
		CCDC8FBD2119678000691EA0 /* main.m */ = {isa = PBXFileReference; lastKnownFileType = sourcecode.c.objc; path = main.m; sourceTree = "<group>"; };
/* End PBXFileReference section */

/* Begin PBXFrameworksBuildPhase section */
		CCDC8FA82119677E00691EA0 /* Frameworks */ = {
			isa = PBXFrameworksBuildPhase;
			buildActionMask = 2147483647;
			files = (
			);
			runOnlyForDeploymentPostprocessing = 0;
		};
/* End PBXFrameworksBuildPhase section */

/* Begin PBXGroup section */
		CCDC8FA22119677E00691EA0 = {
			isa = PBXGroup;
			children = (
				CCDC8FAD2119677E00691EA0 /* PeachJapanese */,
				CCDC8FAC2119677E00691EA0 /* Products */,
			);
			sourceTree = "<group>";
		};
		CCDC8FAC2119677E00691EA0 /* Products */ = {
			isa = PBXGroup;
			children = (
				CCDC8FAB2119677E00691EA0 /* PeachJapanese.app */,
			);
			name = Products;
			sourceTree = "<group>";
		};
		CCDC8FAD2119677E00691EA0 /* PeachJapanese */ = {
			isa = PBXGroup;
			children = (
				CCDC8FAE2119677E00691EA0 /* AppDelegate.h */,
				CCDC8FAF2119677E00691EA0 /* AppDelegate.m */,
				CCDC8FB12119677E00691EA0 /* ViewController.h */,
				CCDC8FB22119677E00691EA0 /* ViewController.m */,
				CCDC8FB42119677E00691EA0 /* Main.storyboard */,
				CCDC8FB72119678000691EA0 /* Assets.xcassets */,
				CCDC8FB92119678000691EA0 /* LaunchScreen.storyboard */,
				CCDC8FBC2119678000691EA0 /* Info.plist */,
				CCDC8FBD2119678000691EA0 /* main.m */,
			);
			path = PeachJapanese;
			sourceTree = "<group>";
		};
/* End PBXGroup section */

/* Begin PBXNativeTarget section */
		CCDC8FAA2119677E00691EA0 /* PeachJapanese */ = {
			isa = PBXNativeTarget;
			buildConfigurationList = CCDC8FC12119678000691EA0 /* Build configuration list for PBXNativeTarget "PeachJapanese" */;
			buildPhases = (
				CCDC8FA72119677E00691EA0 /* Sources */,
				CCDC8FA82119677E00691EA0 /* Frameworks */,
				CCDC8FA92119677E00691EA0 /* Resources */,
			);
			buildRules = (
			);
			dependencies = (
			);
			name = PeachJapanese;
			productName = PeachJapanese;
			productReference = CCDC8FAB2119677E00691EA0 /* PeachJapanese.app */;
			productType = "com.apple.product-type.application";
		};
/* End PBXNativeTarget section */

/* Begin PBXProject section */
		CCDC8FA32119677E00691EA0 /* Project object */ = {
			isa = PBXProject;
			attributes = {
				LastUpgradeCheck = 0940;
				ORGANIZATIONNAME = YouLoft;
				TargetAttributes = {
					CCDC8FAA2119677E00691EA0 = {
						CreatedOnToolsVersion = 9.4.1;
					};
				};
			};
			buildConfigurationList = CCDC8FA62119677E00691EA0 /* Build configuration list for PBXProject "PeachJapanese" */;
			compatibilityVersion = "Xcode 9.3";
			developmentRegion = en;
			hasScannedForEncodings = 0;
			knownRegions = (
				en,
				Base,
			);
			mainGroup = CCDC8FA22119677E00691EA0;
			productRefGroup = CCDC8FAC2119677E00691EA0 /* Products */;
			projectDirPath = "";
			projectRoot = "";
			targets = (
				CCDC8FAA2119677E00691EA0 /* PeachJapanese */,
			);
		};
/* End PBXProject section */

/* Begin PBXResourcesBuildPhase section */
		CCDC8FA92119677E00691EA0 /* Resources */ = {
			isa = PBXResourcesBuildPhase;
			buildActionMask = 2147483647;
			files = (
				CCDC8FBB2119678000691EA0 /* LaunchScreen.storyboard in Resources */,
				CCDC8FB82119678000691EA0 /* Assets.xcassets in Resources */,
				CCDC8FB62119677E00691EA0 /* Main.storyboard in Resources */,
			);
			runOnlyForDeploymentPostprocessing = 0;
		};
/* End PBXResourcesBuildPhase section */

/* Begin PBXSourcesBuildPhase section */
		CCDC8FA72119677E00691EA0 /* Sources */ = {
			isa = PBXSourcesBuildPhase;
			buildActionMask = 2147483647;
			files = (
				CCDC8FB32119677E00691EA0 /* ViewController.m in Sources */,
				CCDC8FBE2119678000691EA0 /* main.m in Sources */,
				CCDC8FB02119677E00691EA0 /* AppDelegate.m in Sources */,
			);
			runOnlyForDeploymentPostprocessing = 0;
		};
/* End PBXSourcesBuildPhase section */

/* Begin PBXVariantGroup section */
		CCDC8FB42119677E00691EA0 /* Main.storyboard */ = {
			isa = PBXVariantGroup;
			children = (
				CCDC8FB52119677E00691EA0 /* Base */,
			);
			name = Main.storyboard;
			sourceTree = "<group>";
		};
		CCDC8FB92119678000691EA0 /* LaunchScreen.storyboard */ = {
			isa = PBXVariantGroup;
			children = (
				CCDC8FBA2119678000691EA0 /* Base */,
			);
			name = LaunchScreen.storyboard;
			sourceTree = "<group>";
		};
/* End PBXVariantGroup section */

/* Begin XCBuildConfiguration section */
		CCDC8FBF2119678000691EA0 /* Debug */ = {
			isa = XCBuildConfiguration;
			buildSettings = {
				ALWAYS_SEARCH_USER_PATHS = NO;
				CLANG_ANALYZER_NONNULL = YES;
				CLANG_ANALYZER_NUMBER_OBJECT_CONVERSION = YES_AGGRESSIVE;
				CLANG_CXX_LANGUAGE_STANDARD = "gnu++14";
				CLANG_CXX_LIBRARY = "libc++";
				CLANG_ENABLE_MODULES = YES;
				CLANG_ENABLE_OBJC_ARC = YES;
				CLANG_ENABLE_OBJC_WEAK = YES;
				CLANG_WARN_BLOCK_CAPTURE_AUTORELEASING = YES;
				CLANG_WARN_BOOL_CONVERSION = YES;
				CLANG_WARN_COMMA = YES;
				CLANG_WARN_CONSTANT_CONVERSION = YES;
				CLANG_WARN_DEPRECATED_OBJC_IMPLEMENTATIONS = YES;
				CLANG_WARN_DIRECT_OBJC_ISA_USAGE = YES_ERROR;
				CLANG_WARN_DOCUMENTATION_COMMENTS = YES;
				CLANG_WARN_EMPTY_BODY = YES;
				CLANG_WARN_ENUM_CONVERSION = YES;
				CLANG_WARN_INFINITE_RECURSION = YES;
				CLANG_WARN_INT_CONVERSION = YES;
				CLANG_WARN_NON_LITERAL_NULL_CONVERSION = YES;
				CLANG_WARN_OBJC_IMPLICIT_RETAIN_SELF = YES;
				CLANG_WARN_OBJC_LITERAL_CONVERSION = YES;
				CLANG_WARN_OBJC_ROOT_CLASS = YES_ERROR;
				CLANG_WARN_RANGE_LOOP_ANALYSIS = YES;
				CLANG_WARN_STRICT_PROTOTYPES = YES;
				CLANG_WARN_SUSPICIOUS_MOVE = YES;
				CLANG_WARN_UNGUARDED_AVAILABILITY = YES_AGGRESSIVE;
				CLANG_WARN_UNREACHABLE_CODE = YES;
				CLANG_WARN__DUPLICATE_METHOD_MATCH = YES;
				CODE_SIGN_IDENTITY = "iPhone Developer";
				COPY_PHASE_STRIP = NO;
				DEBUG_INFORMATION_FORMAT = dwarf;
				ENABLE_STRICT_OBJC_MSGSEND = YES;
				ENABLE_TESTABILITY = YES;
				GCC_C_LANGUAGE_STANDARD = gnu11;
				GCC_DYNAMIC_NO_PIC = NO;
				GCC_NO_COMMON_BLOCKS = YES;
				GCC_OPTIMIZATION_LEVEL = 0;
				GCC_PREPROCESSOR_DEFINITIONS = (
					"DEBUG=1",
					"$(inherited)",
				);
				GCC_WARN_64_TO_32_BIT_CONVERSION = YES;
				GCC_WARN_ABOUT_RETURN_TYPE = YES_ERROR;
				GCC_WARN_UNDECLARED_SELECTOR = YES;
				GCC_WARN_UNINITIALIZED_AUTOS = YES_AGGRESSIVE;
				GCC_WARN_UNUSED_FUNCTION = YES;
				GCC_WARN_UNUSED_VARIABLE = YES;
				IPHONEOS_DEPLOYMENT_TARGET = 11.4;
				MTL_ENABLE_DEBUG_INFO = YES;
				ONLY_ACTIVE_ARCH = YES;
				SDKROOT = iphoneos;
			};
			name = Debug;
		};
		CCDC8FC02119678000691EA0 /* Release */ = {
			isa = XCBuildConfiguration;
			buildSettings = {
				ALWAYS_SEARCH_USER_PATHS = NO;
				CLANG_ANALYZER_NONNULL = YES;
				CLANG_ANALYZER_NUMBER_OBJECT_CONVERSION = YES_AGGRESSIVE;
				CLANG_CXX_LANGUAGE_STANDARD = "gnu++14";
				CLANG_CXX_LIBRARY = "libc++";
				CLANG_ENABLE_MODULES = YES;
				CLANG_ENABLE_OBJC_ARC = YES;
				CLANG_ENABLE_OBJC_WEAK = YES;
				CLANG_WARN_BLOCK_CAPTURE_AUTORELEASING = YES;
				CLANG_WARN_BOOL_CONVERSION = YES;
				CLANG_WARN_COMMA = YES;
				CLANG_WARN_CONSTANT_CONVERSION = YES;
				CLANG_WARN_DEPRECATED_OBJC_IMPLEMENTATIONS = YES;
				CLANG_WARN_DIRECT_OBJC_ISA_USAGE = YES_ERROR;
				CLANG_WARN_DOCUMENTATION_COMMENTS = YES;
				CLANG_WARN_EMPTY_BODY = YES;
				CLANG_WARN_ENUM_CONVERSION = YES;
				CLANG_WARN_INFINITE_RECURSION = YES;
				CLANG_WARN_INT_CONVERSION = YES;
				CLANG_WARN_NON_LITERAL_NULL_CONVERSION = YES;
				CLANG_WARN_OBJC_IMPLICIT_RETAIN_SELF = YES;
				CLANG_WARN_OBJC_LITERAL_CONVERSION = YES;
				CLANG_WARN_OBJC_ROOT_CLASS = YES_ERROR;
				CLANG_WARN_RANGE_LOOP_ANALYSIS = YES;
				CLANG_WARN_STRICT_PROTOTYPES = YES;
				CLANG_WARN_SUSPICIOUS_MOVE = YES;
				CLANG_WARN_UNGUARDED_AVAILABILITY = YES_AGGRESSIVE;
				CLANG_WARN_UNREACHABLE_CODE = YES;
				CLANG_WARN__DUPLICATE_METHOD_MATCH = YES;
				CODE_SIGN_IDENTITY = "iPhone Developer";
				COPY_PHASE_STRIP = NO;
				DEBUG_INFORMATION_FORMAT = "dwarf-with-dsym";
				ENABLE_NS_ASSERTIONS = NO;
				ENABLE_STRICT_OBJC_MSGSEND = YES;
				GCC_C_LANGUAGE_STANDARD = gnu11;
				GCC_NO_COMMON_BLOCKS = YES;
				GCC_WARN_64_TO_32_BIT_CONVERSION = YES;
				GCC_WARN_ABOUT_RETURN_TYPE = YES_ERROR;
				GCC_WARN_UNDECLARED_SELECTOR = YES;
				GCC_WARN_UNINITIALIZED_AUTOS = YES_AGGRESSIVE;
				GCC_WARN_UNUSED_FUNCTION = YES;
				GCC_WARN_UNUSED_VARIABLE = YES;
				IPHONEOS_DEPLOYMENT_TARGET = 11.4;
				MTL_ENABLE_DEBUG_INFO = NO;
				SDKROOT = iphoneos;
				VALIDATE_PRODUCT = YES;
			};
			name = Release;
		};
		CCDC8FC22119678000691EA0 /* Debug */ = {
			isa = XCBuildConfiguration;
			buildSettings = {
				ASSETCATALOG_COMPILER_APPICON_NAME = AppIcon;
				CODE_SIGN_STYLE = Automatic;
				DEVELOPMENT_TEAM = RK99E477MN;
				INFOPLIST_FILE = PeachJapanese/Info.plist;
				LD_RUNPATH_SEARCH_PATHS = (
					"$(inherited)",
					"@executable_path/Frameworks",
				);
				PRODUCT_BUNDLE_IDENTIFIER = com.ireadercity.PeachJapanese;
				PRODUCT_NAME = "$(TARGET_NAME)";
				TARGETED_DEVICE_FAMILY = "1,2";
			};
			name = Debug;
		};
		CCDC8FC32119678000691EA0 /* Release */ = {
			isa = XCBuildConfiguration;
			buildSettings = {
				ASSETCATALOG_COMPILER_APPICON_NAME = AppIcon;
				CODE_SIGN_STYLE = Automatic;
				DEVELOPMENT_TEAM = RK99E477MN;
				INFOPLIST_FILE = PeachJapanese/Info.plist;
				LD_RUNPATH_SEARCH_PATHS = (
					"$(inherited)",
					"@executable_path/Frameworks",
				);
				PRODUCT_BUNDLE_IDENTIFIER = com.ireadercity.PeachJapanese;
				PRODUCT_NAME = "$(TARGET_NAME)";
				TARGETED_DEVICE_FAMILY = "1,2";
			};
			name = Release;
		};
/* End XCBuildConfiguration section */

/* Begin XCConfigurationList section */
		CCDC8FA62119677E00691EA0 /* Build configuration list for PBXProject "PeachJapanese" */ = {
			isa = XCConfigurationList;
			buildConfigurations = (
				CCDC8FBF2119678000691EA0 /* Debug */,
				CCDC8FC02119678000691EA0 /* Release */,
			);
			defaultConfigurationIsVisible = 0;
			defaultConfigurationName = Release;
		};
		CCDC8FC12119678000691EA0 /* Build configuration list for PBXNativeTarget "PeachJapanese" */ = {
			isa = XCConfigurationList;
			buildConfigurations = (
				CCDC8FC22119678000691EA0 /* Debug */,
				CCDC8FC32119678000691EA0 /* Release */,
			);
			defaultConfigurationIsVisible = 0;
			defaultConfigurationName = Release;
		};
/* End XCConfigurationList section */
	};
	rootObject = CCDC8FA32119677E00691EA0 /* Project object */;
}
